// !$*UTF8*$!
{
	archiveVersion = 1;
	classes = {
	};
	objectVersion = 50;
	objects = {

/* Begin PBXBuildFile section */
		7CE84912239A5DC500DC8AAE /* RulesViewController.swift in Sources */ = {isa = PBXBuildFile; fileRef = 7CE84911239A5DC500DC8AAE /* RulesViewController.swift */; };
		E330A73C2381EC29002E1B72 /* AppDelegate.swift in Sources */ = {isa = PBXBuildFile; fileRef = E330A73B2381EC29002E1B72 /* AppDelegate.swift */; };
		E330A73E2381EC29002E1B72 /* SceneDelegate.swift in Sources */ = {isa = PBXBuildFile; fileRef = E330A73D2381EC29002E1B72 /* SceneDelegate.swift */; };
		E330A7402381EC29002E1B72 /* TestEnglishLevelViewController.swift in Sources */ = {isa = PBXBuildFile; fileRef = E330A73F2381EC29002E1B72 /* TestEnglishLevelViewController.swift */; };
		E330A7432381EC29002E1B72 /* Main.storyboard in Resources */ = {isa = PBXBuildFile; fileRef = E330A7412381EC29002E1B72 /* Main.storyboard */; };
		E330A7452381EC2B002E1B72 /* Assets.xcassets in Resources */ = {isa = PBXBuildFile; fileRef = E330A7442381EC2B002E1B72 /* Assets.xcassets */; };
		E330A7482381EC2B002E1B72 /* LaunchScreen.storyboard in Resources */ = {isa = PBXBuildFile; fileRef = E330A7462381EC2B002E1B72 /* LaunchScreen.storyboard */; };
		E330A7522383305D002E1B72 /* TestEnum.swift in Sources */ = {isa = PBXBuildFile; fileRef = E330A7512383305D002E1B72 /* TestEnum.swift */; };
		E362CF29238DD47000F6D830 /* AccountViewController.swift in Sources */ = {isa = PBXBuildFile; fileRef = E362CF28238DD47000F6D830 /* AccountViewController.swift */; };
		E362CF2B238DD67700F6D830 /* ExerciseViewController.swift in Sources */ = {isa = PBXBuildFile; fileRef = E362CF2A238DD67700F6D830 /* ExerciseViewController.swift */; };
		E38FF6BA23859DEB0006F925 /* ButtonEnum.swift in Sources */ = {isa = PBXBuildFile; fileRef = E38FF6B923859DEB0006F925 /* ButtonEnum.swift */; };
/* End PBXBuildFile section */

/* Begin PBXFileReference section */
		7CE84911239A5DC500DC8AAE /* RulesViewController.swift */ = {isa = PBXFileReference; lastKnownFileType = sourcecode.swift; path = RulesViewController.swift; sourceTree = "<group>"; };
		E330A7382381EC29002E1B72 /* English App.app */ = {isa = PBXFileReference; explicitFileType = wrapper.application; includeInIndex = 0; path = "English App.app"; sourceTree = BUILT_PRODUCTS_DIR; };
		E330A73B2381EC29002E1B72 /* AppDelegate.swift */ = {isa = PBXFileReference; lastKnownFileType = sourcecode.swift; path = AppDelegate.swift; sourceTree = "<group>"; };
		E330A73D2381EC29002E1B72 /* SceneDelegate.swift */ = {isa = PBXFileReference; lastKnownFileType = sourcecode.swift; path = SceneDelegate.swift; sourceTree = "<group>"; };
		E330A73F2381EC29002E1B72 /* TestEnglishLevelViewController.swift */ = {isa = PBXFileReference; lastKnownFileType = sourcecode.swift; path = TestEnglishLevelViewController.swift; sourceTree = "<group>"; };
		E330A7422381EC29002E1B72 /* Base */ = {isa = PBXFileReference; lastKnownFileType = file.storyboard; name = Base; path = Base.lproj/Main.storyboard; sourceTree = "<group>"; };
		E330A7442381EC2B002E1B72 /* Assets.xcassets */ = {isa = PBXFileReference; lastKnownFileType = folder.assetcatalog; path = Assets.xcassets; sourceTree = "<group>"; };
		E330A7472381EC2B002E1B72 /* Base */ = {isa = PBXFileReference; lastKnownFileType = file.storyboard; name = Base; path = Base.lproj/LaunchScreen.storyboard; sourceTree = "<group>"; };
		E330A7492381EC2B002E1B72 /* Info.plist */ = {isa = PBXFileReference; lastKnownFileType = text.plist.xml; path = Info.plist; sourceTree = "<group>"; };
		E330A7512383305D002E1B72 /* TestEnum.swift */ = {isa = PBXFileReference; lastKnownFileType = sourcecode.swift; path = TestEnum.swift; sourceTree = "<group>"; };
		E362CF28238DD47000F6D830 /* AccountViewController.swift */ = {isa = PBXFileReference; lastKnownFileType = sourcecode.swift; path = AccountViewController.swift; sourceTree = "<group>"; };
		E362CF2A238DD67700F6D830 /* ExerciseViewController.swift */ = {isa = PBXFileReference; lastKnownFileType = sourcecode.swift; path = ExerciseViewController.swift; sourceTree = "<group>"; };
		E38FF6B923859DEB0006F925 /* ButtonEnum.swift */ = {isa = PBXFileReference; lastKnownFileType = sourcecode.swift; path = ButtonEnum.swift; sourceTree = "<group>"; };
/* End PBXFileReference section */

/* Begin PBXFrameworksBuildPhase section */
		E330A7352381EC29002E1B72 /* Frameworks */ = {
			isa = PBXFrameworksBuildPhase;
			buildActionMask = 2147483647;
			files = (
			);
			runOnlyForDeploymentPostprocessing = 0;
		};
/* End PBXFrameworksBuildPhase section */

/* Begin PBXGroup section */
		E330A72F2381EC29002E1B72 = {
			isa = PBXGroup;
			children = (
				E330A73A2381EC29002E1B72 /* EnglishTest */,
				E330A7392381EC29002E1B72 /* Products */,
			);
			sourceTree = "<group>";
		};
		E330A7392381EC29002E1B72 /* Products */ = {
			isa = PBXGroup;
			children = (
				E330A7382381EC29002E1B72 /* English App.app */,
			);
			name = Products;
			sourceTree = "<group>";
		};
		E330A73A2381EC29002E1B72 /* EnglishTest */ = {
			isa = PBXGroup;
			children = (
				E38FF6BF238708710006F925 /* Models */,
				E38FF6BB2387082F0006F925 /* ViewControllers */,
				E38FF6BC238708420006F925 /* Supporting Files */,
				E38FF6BD238708560006F925 /* Storyboards */,
				E38FF6BE238708650006F925 /* Resources */,
			);
			path = EnglishTest;
			sourceTree = "<group>";
		};
		E38FF6BB2387082F0006F925 /* ViewControllers */ = {
			isa = PBXGroup;
			children = (
				E362CF28238DD47000F6D830 /* AccountViewController.swift */,
				E330A73F2381EC29002E1B72 /* TestEnglishLevelViewController.swift */,
				E362CF2A238DD67700F6D830 /* ExerciseViewController.swift */,
				7CE84911239A5DC500DC8AAE /* RulesViewController.swift */,
			);
			path = ViewControllers;
			sourceTree = "<group>";
		};
		E38FF6BC238708420006F925 /* Supporting Files */ = {
			isa = PBXGroup;
			children = (
				E330A73B2381EC29002E1B72 /* AppDelegate.swift */,
				E330A73D2381EC29002E1B72 /* SceneDelegate.swift */,
				E330A7492381EC2B002E1B72 /* Info.plist */,
			);
			path = "Supporting Files";
			sourceTree = "<group>";
		};
		E38FF6BD238708560006F925 /* Storyboards */ = {
			isa = PBXGroup;
			children = (
				E330A7412381EC29002E1B72 /* Main.storyboard */,
				E330A7462381EC2B002E1B72 /* LaunchScreen.storyboard */,
			);
			path = Storyboards;
			sourceTree = "<group>";
		};
		E38FF6BE238708650006F925 /* Resources */ = {
			isa = PBXGroup;
			children = (
				E330A7442381EC2B002E1B72 /* Assets.xcassets */,
			);
			path = Resources;
			sourceTree = "<group>";
		};
		E38FF6BF238708710006F925 /* Models */ = {
			isa = PBXGroup;
			children = (
				E330A7512383305D002E1B72 /* TestEnum.swift */,
				E38FF6B923859DEB0006F925 /* ButtonEnum.swift */,
			);
			path = Models;
			sourceTree = "<group>";
		};
/* End PBXGroup section */

/* Begin PBXNativeTarget section */
		E330A7372381EC29002E1B72 /* EnglishTest */ = {
			isa = PBXNativeTarget;
			buildConfigurationList = E330A74C2381EC2B002E1B72 /* Build configuration list for PBXNativeTarget "EnglishTest" */;
			buildPhases = (
				E330A7342381EC29002E1B72 /* Sources */,
				E330A7352381EC29002E1B72 /* Frameworks */,
				E330A7362381EC29002E1B72 /* Resources */,
			);
			buildRules = (
			);
			dependencies = (
			);
			name = EnglishTest;
			productName = EnglishTest;
			productReference = E330A7382381EC29002E1B72 /* English App.app */;
			productType = "com.apple.product-type.application";
		};
/* End PBXNativeTarget section */

/* Begin PBXProject section */
		E330A7302381EC29002E1B72 /* Project object */ = {
			isa = PBXProject;
			attributes = {
				LastSwiftUpdateCheck = 1120;
				LastUpgradeCheck = 1120;
				ORGANIZATIONNAME = "Stepan Vasilyeu";
				TargetAttributes = {
					E330A7372381EC29002E1B72 = {
						CreatedOnToolsVersion = 11.2.1;
					};
				};
			};
			buildConfigurationList = E330A7332381EC29002E1B72 /* Build configuration list for PBXProject "EnglishTest" */;
			compatibilityVersion = "Xcode 9.3";
			developmentRegion = en;
			hasScannedForEncodings = 0;
			knownRegions = (
				en,
				Base,
			);
			mainGroup = E330A72F2381EC29002E1B72;
			productRefGroup = E330A7392381EC29002E1B72 /* Products */;
			projectDirPath = "";
			projectRoot = "";
			targets = (
				E330A7372381EC29002E1B72 /* EnglishTest */,
			);
		};
/* End PBXProject section */

/* Begin PBXResourcesBuildPhase section */
		E330A7362381EC29002E1B72 /* Resources */ = {
			isa = PBXResourcesBuildPhase;
			buildActionMask = 2147483647;
			files = (
				E330A7482381EC2B002E1B72 /* LaunchScreen.storyboard in Resources */,
				E330A7452381EC2B002E1B72 /* Assets.xcassets in Resources */,
				E330A7432381EC29002E1B72 /* Main.storyboard in Resources */,
			);
			runOnlyForDeploymentPostprocessing = 0;
		};
/* End PBXResourcesBuildPhase section */

/* Begin PBXSourcesBuildPhase section */
		E330A7342381EC29002E1B72 /* Sources */ = {
			isa = PBXSourcesBuildPhase;
			buildActionMask = 2147483647;
			files = (
				E362CF29238DD47000F6D830 /* AccountViewController.swift in Sources */,
				E362CF2B238DD67700F6D830 /* ExerciseViewController.swift in Sources */,
				E330A7402381EC29002E1B72 /* TestEnglishLevelViewController.swift in Sources */,
				E330A73C2381EC29002E1B72 /* AppDelegate.swift in Sources */,
				E330A73E2381EC29002E1B72 /* SceneDelegate.swift in Sources */,
				E38FF6BA23859DEB0006F925 /* ButtonEnum.swift in Sources */,
				7CE84912239A5DC500DC8AAE /* RulesViewController.swift in Sources */,
				E330A7522383305D002E1B72 /* TestEnum.swift in Sources */,
			);
			runOnlyForDeploymentPostprocessing = 0;
		};
/* End PBXSourcesBuildPhase section */

/* Begin PBXVariantGroup section */
		E330A7412381EC29002E1B72 /* Main.storyboard */ = {
			isa = PBXVariantGroup;
			children = (
				E330A7422381EC29002E1B72 /* Base */,
			);
			name = Main.storyboard;
			sourceTree = "<group>";
		};
		E330A7462381EC2B002E1B72 /* LaunchScreen.storyboard */ = {
			isa = PBXVariantGroup;
			children = (
				E330A7472381EC2B002E1B72 /* Base */,
			);
			name = LaunchScreen.storyboard;
			sourceTree = "<group>";
		};
/* End PBXVariantGroup section */

/* Begin XCBuildConfiguration section */
		E330A74A2381EC2B002E1B72 /* Debug */ = {
			isa = XCBuildConfiguration;
			buildSettings = {
				ALWAYS_SEARCH_USER_PATHS = NO;
				CLANG_ANALYZER_NONNULL = YES;
				CLANG_ANALYZER_NUMBER_OBJECT_CONVERSION = YES_AGGRESSIVE;
				CLANG_CXX_LANGUAGE_STANDARD = "gnu++14";
				CLANG_CXX_LIBRARY = "libc++";
				CLANG_ENABLE_MODULES = YES;
				CLANG_ENABLE_OBJC_ARC = YES;
				CLANG_ENABLE_OBJC_WEAK = YES;
				CLANG_WARN_BLOCK_CAPTURE_AUTORELEASING = YES;
				CLANG_WARN_BOOL_CONVERSION = YES;
				CLANG_WARN_COMMA = YES;
				CLANG_WARN_CONSTANT_CONVERSION = YES;
				CLANG_WARN_DEPRECATED_OBJC_IMPLEMENTATIONS = YES;
				CLANG_WARN_DIRECT_OBJC_ISA_USAGE = YES_ERROR;
				CLANG_WARN_DOCUMENTATION_COMMENTS = YES;
				CLANG_WARN_EMPTY_BODY = YES;
				CLANG_WARN_ENUM_CONVERSION = YES;
				CLANG_WARN_INFINITE_RECURSION = YES;
				CLANG_WARN_INT_CONVERSION = YES;
				CLANG_WARN_NON_LITERAL_NULL_CONVERSION = YES;
				CLANG_WARN_OBJC_IMPLICIT_RETAIN_SELF = YES;
				CLANG_WARN_OBJC_LITERAL_CONVERSION = YES;
				CLANG_WARN_OBJC_ROOT_CLASS = YES_ERROR;
				CLANG_WARN_RANGE_LOOP_ANALYSIS = YES;
				CLANG_WARN_STRICT_PROTOTYPES = YES;
				CLANG_WARN_SUSPICIOUS_MOVE = YES;
				CLANG_WARN_UNGUARDED_AVAILABILITY = YES_AGGRESSIVE;
				CLANG_WARN_UNREACHABLE_CODE = YES;
				CLANG_WARN__DUPLICATE_METHOD_MATCH = YES;
				COPY_PHASE_STRIP = NO;
				DEBUG_INFORMATION_FORMAT = dwarf;
				ENABLE_STRICT_OBJC_MSGSEND = YES;
				ENABLE_TESTABILITY = YES;
				GCC_C_LANGUAGE_STANDARD = gnu11;
				GCC_DYNAMIC_NO_PIC = NO;
				GCC_NO_COMMON_BLOCKS = YES;
				GCC_OPTIMIZATION_LEVEL = 0;
				GCC_PREPROCESSOR_DEFINITIONS = (
					"DEBUG=1",
					"$(inherited)",
				);
				GCC_WARN_64_TO_32_BIT_CONVERSION = YES;
				GCC_WARN_ABOUT_RETURN_TYPE = YES_ERROR;
				GCC_WARN_UNDECLARED_SELECTOR = YES;
				GCC_WARN_UNINITIALIZED_AUTOS = YES_AGGRESSIVE;
				GCC_WARN_UNUSED_FUNCTION = YES;
				GCC_WARN_UNUSED_VARIABLE = YES;
				IPHONEOS_DEPLOYMENT_TARGET = 13.2;
				MTL_ENABLE_DEBUG_INFO = INCLUDE_SOURCE;
				MTL_FAST_MATH = YES;
				ONLY_ACTIVE_ARCH = YES;
				SDKROOT = iphoneos;
				SWIFT_ACTIVE_COMPILATION_CONDITIONS = DEBUG;
				SWIFT_OPTIMIZATION_LEVEL = "-Onone";
			};
			name = Debug;
		};
		E330A74B2381EC2B002E1B72 /* Release */ = {
			isa = XCBuildConfiguration;
			buildSettings = {
				ALWAYS_SEARCH_USER_PATHS = NO;
				CLANG_ANALYZER_NONNULL = YES;
				CLANG_ANALYZER_NUMBER_OBJECT_CONVERSION = YES_AGGRESSIVE;
				CLANG_CXX_LANGUAGE_STANDARD = "gnu++14";
				CLANG_CXX_LIBRARY = "libc++";
				CLANG_ENABLE_MODULES = YES;
				CLANG_ENABLE_OBJC_ARC = YES;
				CLANG_ENABLE_OBJC_WEAK = YES;
				CLANG_WARN_BLOCK_CAPTURE_AUTORELEASING = YES;
				CLANG_WARN_BOOL_CONVERSION = YES;
				CLANG_WARN_COMMA = YES;
				CLANG_WARN_CONSTANT_CONVERSION = YES;
				CLANG_WARN_DEPRECATED_OBJC_IMPLEMENTATIONS = YES;
				CLANG_WARN_DIRECT_OBJC_ISA_USAGE = YES_ERROR;
				CLANG_WARN_DOCUMENTATION_COMMENTS = YES;
				CLANG_WARN_EMPTY_BODY = YES;
				CLANG_WARN_ENUM_CONVERSION = YES;
				CLANG_WARN_INFINITE_RECURSION = YES;
				CLANG_WARN_INT_CONVERSION = YES;
				CLANG_WARN_NON_LITERAL_NULL_CONVERSION = YES;
				CLANG_WARN_OBJC_IMPLICIT_RETAIN_SELF = YES;
				CLANG_WARN_OBJC_LITERAL_CONVERSION = YES;
				CLANG_WARN_OBJC_ROOT_CLASS = YES_ERROR;
				CLANG_WARN_RANGE_LOOP_ANALYSIS = YES;
				CLANG_WARN_STRICT_PROTOTYPES = YES;
				CLANG_WARN_SUSPICIOUS_MOVE = YES;
				CLANG_WARN_UNGUARDED_AVAILABILITY = YES_AGGRESSIVE;
				CLANG_WARN_UNREACHABLE_CODE = YES;
				CLANG_WARN__DUPLICATE_METHOD_MATCH = YES;
				COPY_PHASE_STRIP = NO;
				DEBUG_INFORMATION_FORMAT = "dwarf-with-dsym";
				ENABLE_NS_ASSERTIONS = NO;
				ENABLE_STRICT_OBJC_MSGSEND = YES;
				GCC_C_LANGUAGE_STANDARD = gnu11;
				GCC_NO_COMMON_BLOCKS = YES;
				GCC_WARN_64_TO_32_BIT_CONVERSION = YES;
				GCC_WARN_ABOUT_RETURN_TYPE = YES_ERROR;
				GCC_WARN_UNDECLARED_SELECTOR = YES;
				GCC_WARN_UNINITIALIZED_AUTOS = YES_AGGRESSIVE;
				GCC_WARN_UNUSED_FUNCTION = YES;
				GCC_WARN_UNUSED_VARIABLE = YES;
				IPHONEOS_DEPLOYMENT_TARGET = 13.2;
				MTL_ENABLE_DEBUG_INFO = NO;
				MTL_FAST_MATH = YES;
				SDKROOT = iphoneos;
				SWIFT_COMPILATION_MODE = wholemodule;
				SWIFT_OPTIMIZATION_LEVEL = "-O";
				VALIDATE_PRODUCT = YES;
			};
			name = Release;
		};
		E330A74D2381EC2B002E1B72 /* Debug */ = {
			isa = XCBuildConfiguration;
			buildSettings = {
				ASSETCATALOG_COMPILER_APPICON_NAME = AppIcon;
				CODE_SIGN_STYLE = Automatic;
				DEVELOPMENT_ASSET_PATHS = "EnglishTest/Supporting\\ Files/Info.plist";
				DEVELOPMENT_TEAM = 5288NF3D62;
				INFOPLIST_FILE = "EnglishTest/Supporting Files/Info.plist";
				IPHONEOS_DEPLOYMENT_TARGET = 13.2;
				LD_RUNPATH_SEARCH_PATHS = (
					"$(inherited)",
					"@executable_path/Frameworks",
				);
				PRODUCT_BUNDLE_IDENTIFIER = vasilyeuInc.EnglishTest;
				PRODUCT_NAME = "English App";
				SWIFT_VERSION = 5.0;
				TARGETED_DEVICE_FAMILY = 1;
			};
			name = Debug;
		};
		E330A74E2381EC2B002E1B72 /* Release */ = {
			isa = XCBuildConfiguration;
			buildSettings = {
				ASSETCATALOG_COMPILER_APPICON_NAME = AppIcon;
				CODE_SIGN_STYLE = Automatic;
				DEVELOPMENT_ASSET_PATHS = "EnglishTest/Supporting\\ Files/Info.plist";
				DEVELOPMENT_TEAM = 5288NF3D62;
				INFOPLIST_FILE = "EnglishTest/Supporting Files/Info.plist";
				IPHONEOS_DEPLOYMENT_TARGET = 13.2;
				LD_RUNPATH_SEARCH_PATHS = (
					"$(inherited)",
					"@executable_path/Frameworks",
				);
				PRODUCT_BUNDLE_IDENTIFIER = vasilyeuInc.EnglishTest;
				PRODUCT_NAME = "English App";
				SWIFT_VERSION = 5.0;
				TARGETED_DEVICE_FAMILY = 1;
			};
			name = Release;
		};
/* End XCBuildConfiguration section */

/* Begin XCConfigurationList section */
		E330A7332381EC29002E1B72 /* Build configuration list for PBXProject "EnglishTest" */ = {
			isa = XCConfigurationList;
			buildConfigurations = (
				E330A74A2381EC2B002E1B72 /* Debug */,
				E330A74B2381EC2B002E1B72 /* Release */,
			);
			defaultConfigurationIsVisible = 0;
			defaultConfigurationName = Release;
		};
		E330A74C2381EC2B002E1B72 /* Build configuration list for PBXNativeTarget "EnglishTest" */ = {
			isa = XCConfigurationList;
			buildConfigurations = (
				E330A74D2381EC2B002E1B72 /* Debug */,
				E330A74E2381EC2B002E1B72 /* Release */,
			);
			defaultConfigurationIsVisible = 0;
			defaultConfigurationName = Release;
		};
/* End XCConfigurationList section */
	};
	rootObject = E330A7302381EC29002E1B72 /* Project object */;
}
